
Microsoft Visual Studio Solution File, Format Version 12.00
# Visual Studio Version 17
VisualStudioVersion = 17.5.33530.505
MinimumVisualStudioVersion = 10.0.40219.1
Project("{9A19103F-16F7-4668-BE54-9A1E7A4F7556}") = "ProjInda Recipe Manager", "ProjInda Recipe Manager.csproj", "{B000BD84-75E1-4CBF-B150-1C95B6EFDB54}"
EndProject
Project("{2150E333-8FDC-42A3-9474-1A3956D46DE8}") = "Solution Items", "Solution Items", "{067ECFDE-6768-488C-9804-2740B366E787}"
EndProject
Global
	GlobalSection(SolutionConfigurationPlatforms) = preSolution
		Debug|Any CPU = Debug|Any CPU
		Release|Any CPU = Release|Any CPU
	EndGlobalSection
	GlobalSection(ProjectConfigurationPlatforms) = postSolution
		{B000BD84-75E1-4CBF-B150-1C95B6EFDB54}.Debug|Any CPU.ActiveCfg = Debug|Any CPU
		{B000BD84-75E1-4CBF-B150-1C95B6EFDB54}.Debug|Any CPU.Build.0 = Debug|Any CPU
		{B000BD84-75E1-4CBF-B150-1C95B6EFDB54}.Release|Any CPU.ActiveCfg = Release|Any CPU
		{B000BD84-75E1-4CBF-B150-1C95B6EFDB54}.Release|Any CPU.Build.0 = Release|Any CPU
	EndGlobalSection
	GlobalSection(SolutionProperties) = preSolution
		HideSolutionNode = FALSE
	EndGlobalSection
	GlobalSection(ExtensibilityGlobals) = postSolution
		SolutionGuid = {18D111A0-7057-4A33-9DEA-3D332A1A3601}
	EndGlobalSection
EndGlobal
